
Microsoft Visual Studio Solution File, Format Version 12.00
# Visual Studio Version 16
VisualStudioVersion = 16.0.30204.135
MinimumVisualStudioVersion = 10.0.40219.1
Project("{2150E333-8FDC-42A3-9474-1A3956D46DE8}") = "0. Solution Items", "0. Solution Items", "{6346ABA5-9351-41C1-91AA-9DED05DD9C1A}"
	ProjectSection(SolutionItems) = preProject
		01. HttpMethodsTable.txt = 01. HttpMethodsTable.txt
		02. RESTRequestResponse.txt = 02. RESTRequestResponse.txt
		03 APIDesign.txt = 03 APIDesign.txt
		04. Idempotency.txt = 04. Idempotency.txt
		05. Hypermedia.txt = 05. Hypermedia.txt
		06. Associations.txt = 06. Associations.txt
		07. Paging.txt = 07. Paging.txt
		08. ErrorHandling.txt = 08. ErrorHandling.txt
		09. Caching.txt = 09. Caching.txt
		10. FunctionalAPIs.txt = 10. FunctionalAPIs.txt
		11. AsyncApi.txt = 11. AsyncApi.txt
		12. VersioningApis.txt = 12. VersioningApis.txt
		13. Security.txt = 13. Security.txt
		14. AuthorizationAndAuthentication.txt = 14. AuthorizationAndAuthentication.txt
		15. TheRichardsonMaturityModel.txt = 15. TheRichardsonMaturityModel.txt
		16. SafetyIdempotencyTable.txt = 16. SafetyIdempotencyTable.txt
		17. ErrorsVsFaults.txt = 17. ErrorsVsFaults.txt
		18. PutVsPatch.txt = 18. PutVsPatch.txt
		19. Routing.txt = 19. Routing.txt
		20. SatusCodes.txt = 20. SatusCodes.txt
		21. TheRepositoryPattern.txt = 21. TheRepositoryPattern.txt
		22. ResourceNamingGuidelines.txt = 22. ResourceNamingGuidelines.txt
		23. ContentNegotiation.txt = 23. ContentNegotiation.txt
		24. Validation.txt = 24. Validation.txt
		25. DeferredExecution.txt = 25. DeferredExecution.txt
		26. Upserting.txt = 26. Upserting.txt
	EndProjectSection
EndProject
Project("{2150E333-8FDC-42A3-9474-1A3956D46DE8}") = "1. Beginner Projects", "1. Beginner Projects", "{6D418CED-55DC-4089-AE73-D8FFA1C7A5ED}"
EndProject
Project("{9A19103F-16F7-4668-BE54-9A1E7A4F7556}") = "CourseLibrary.API", "CourseLibrary.API\CourseLibrary.API.csproj", "{94155038-39A8-431F-8750-959F29BFCE2D}"
EndProject
Global
	GlobalSection(SolutionConfigurationPlatforms) = preSolution
		Debug|Any CPU = Debug|Any CPU
		Release|Any CPU = Release|Any CPU
	EndGlobalSection
	GlobalSection(ProjectConfigurationPlatforms) = postSolution
		{94155038-39A8-431F-8750-959F29BFCE2D}.Debug|Any CPU.ActiveCfg = Debug|Any CPU
		{94155038-39A8-431F-8750-959F29BFCE2D}.Debug|Any CPU.Build.0 = Debug|Any CPU
		{94155038-39A8-431F-8750-959F29BFCE2D}.Release|Any CPU.ActiveCfg = Release|Any CPU
		{94155038-39A8-431F-8750-959F29BFCE2D}.Release|Any CPU.Build.0 = Release|Any CPU
	EndGlobalSection
	GlobalSection(SolutionProperties) = preSolution
		HideSolutionNode = FALSE
	EndGlobalSection
	GlobalSection(NestedProjects) = preSolution
		{94155038-39A8-431F-8750-959F29BFCE2D} = {6D418CED-55DC-4089-AE73-D8FFA1C7A5ED}
	EndGlobalSection
	GlobalSection(ExtensibilityGlobals) = postSolution
		SolutionGuid = {4FF0DA07-8A71-4757-AFA8-98691B26EFC7}
	EndGlobalSection
EndGlobal
